
Microsoft Visual Studio Solution File, Format Version 12.00
# Visual Studio 15
VisualStudioVersion = 15.0.28307.902
MinimumVisualStudioVersion = 10.0.40219.1
Project("{FAE04EC0-301F-11D3-BF4B-00C04F79EFBC}") = "Question1", "Question1\Question1.csproj", "{94EF28EC-4877-440B-8594-7BFB3DCBE27A}"
EndProject
Project("{FAE04EC0-301F-11D3-BF4B-00C04F79EFBC}") = "Question2", "Question2\Question2.csproj", "{4AD2C9F3-4F62-4414-8AF8-4D92535F337E}"
EndProject
Global
	GlobalSection(SolutionConfigurationPlatforms) = preSolution
		Debug|Any CPU = Debug|Any CPU
		Release|Any CPU = Release|Any CPU
	EndGlobalSection
	GlobalSection(ProjectConfigurationPlatforms) = postSolution
		{94EF28EC-4877-440B-8594-7BFB3DCBE27A}.Debug|Any CPU.ActiveCfg = Debug|Any CPU
		{94EF28EC-4877-440B-8594-7BFB3DCBE27A}.Debug|Any CPU.Build.0 = Debug|Any CPU
		{94EF28EC-4877-440B-8594-7BFB3DCBE27A}.Release|Any CPU.ActiveCfg = Release|Any CPU
		{94EF28EC-4877-440B-8594-7BFB3DCBE27A}.Release|Any CPU.Build.0 = Release|Any CPU
		{4AD2C9F3-4F62-4414-8AF8-4D92535F337E}.Debug|Any CPU.ActiveCfg = Debug|Any CPU
		{4AD2C9F3-4F62-4414-8AF8-4D92535F337E}.Debug|Any CPU.Build.0 = Debug|Any CPU
		{4AD2C9F3-4F62-4414-8AF8-4D92535F337E}.Release|Any CPU.ActiveCfg = Release|Any CPU
		{4AD2C9F3-4F62-4414-8AF8-4D92535F337E}.Release|Any CPU.Build.0 = Release|Any CPU
	EndGlobalSection
	GlobalSection(SolutionProperties) = preSolution
		HideSolutionNode = FALSE
	EndGlobalSection
	GlobalSection(ExtensibilityGlobals) = postSolution
		SolutionGuid = {6CF7FBF2-0D2F-4A80-8819-B6F95AE1B4CC}
	EndGlobalSection
EndGlobal
